
Microsoft Visual Studio Solution File, Format Version 12.00
Project("{FAE04EC0-301F-11D3-BF4B-00C04F79EFBC}") = "JobBoard API", "JobBoard API\JobBoard API.csproj", "{CF1909A3-FC6D-42AB-954C-F9BE77EB5BDB}"
EndProject
Global
	GlobalSection(SolutionConfigurationPlatforms) = preSolution
		Debug|Any CPU = Debug|Any CPU
		Release|Any CPU = Release|Any CPU
	EndGlobalSection
	GlobalSection(ProjectConfigurationPlatforms) = postSolution
		{CF1909A3-FC6D-42AB-954C-F9BE77EB5BDB}.Debug|Any CPU.ActiveCfg = Debug|Any CPU
		{CF1909A3-FC6D-42AB-954C-F9BE77EB5BDB}.Debug|Any CPU.Build.0 = Debug|Any CPU
		{CF1909A3-FC6D-42AB-954C-F9BE77EB5BDB}.Release|Any CPU.ActiveCfg = Release|Any CPU
		{CF1909A3-FC6D-42AB-954C-F9BE77EB5BDB}.Release|Any CPU.Build.0 = Release|Any CPU
	EndGlobalSection
EndGlobal
